
Microsoft Visual Studio Solution File, Format Version 12.00
Project("{FAE04EC0-301F-11D3-BF4B-00C04F79EFBC}") = "ZoteroApiClientCs", "ZoteroApiClientCs.csproj", "{8233B78F-7A20-4A9B-B9DD-93C1AAA86FFD}"
EndProject
Global
	GlobalSection(SolutionConfigurationPlatforms) = preSolution
		Debug|Any CPU = Debug|Any CPU
		Release|Any CPU = Release|Any CPU
	EndGlobalSection
	GlobalSection(ProjectConfigurationPlatforms) = postSolution
		{8233B78F-7A20-4A9B-B9DD-93C1AAA86FFD}.Debug|Any CPU.ActiveCfg = Debug|Any CPU
		{8233B78F-7A20-4A9B-B9DD-93C1AAA86FFD}.Debug|Any CPU.Build.0 = Debug|Any CPU
		{8233B78F-7A20-4A9B-B9DD-93C1AAA86FFD}.Release|Any CPU.ActiveCfg = Release|Any CPU
		{8233B78F-7A20-4A9B-B9DD-93C1AAA86FFD}.Release|Any CPU.Build.0 = Release|Any CPU
	EndGlobalSection
EndGlobal
